github.com/dimonrus/gocli v0.10.0 h1:tCoAo4je0eOZ/CGU9mOHowKWZZbXAWzmzcvegMwfjIc=
github.com/dimonrus/gocli v0.10.0/go.mod h1:5NMukoKXGlZcipjLiUnFlba0qKSTVkCh0mYUpLikw6c=
github.com/dimonrus/gohelp v1.1.1 h1:oCHQ7WpCKv4DYwO1C8y3dLDGLYHWcszd7byY4wyvDIA=
github.com/dimonrus/gohelp v1.1.1/go.mod h1:0zBPZxKW6rn2NEMWiCxyswKTdqM6UnSFrbR5H846ujk=
github.com/dimonrus/porterr v1.13.1 h1:hToohI8rweDANCJSiHBP7XXTWwU48yjoYY+/4WoWAQY=
github.com/dimonrus/porterr v1.13.1/go.mod h1:BCVpaUyYdawPPzeAa8yjCYvemctND1I9ER/nFnOyDgQ=
gopkg.in/check.v1 v0.0.0-20161208181325-20d25e280405 h1:yhCVgyC4o1eVCa2tZl7eS0r+SDo693bJlVdllGtEeKM=
gopkg.in/check.v1 v0.0.0-20161208181325-20d25e280405/go.mod h1:Co6ibVJAznAaIkqp8huTwlJQCZ016jof/cbN4VW5Yz0=
gopkg.in/yaml.v2 v2.4.0 h1:D8xgwECY7CYvx+Y2n4sBz93Jn9JRvxdiyyo8CTfuKaY=
gopkg.in/yaml.v2 v2.4.0/go.mod h1:RDklbk79AGWmwhnvt/jBztapEOGDOx6ZbXqjP6csGnQ=
