github.com/dimonrus/gocli v0.13.0 h1:vzhfQXrCpnCyKj99DfNBU85bx6Vbpf2ie0pT7wQGkA0=
github.com/dimonrus/gocli v0.13.0/go.mod h1:uxz1INRyUh/yXECWPWaIencQIOqQFAMfXBmeUC15BTE=
github.com/dimonrus/gohelp v1.6.2 h1:54Uc8wuLV/ygbLqzRdTbg25y8+efNi25gIetf35lEqg=
github.com/dimonrus/gohelp v1.6.2/go.mod h1:0zBPZxKW6rn2NEMWiCxyswKTdqM6UnSFrbR5H846ujk=
github.com/dimonrus/porterr v1.13.1 h1:hToohI8rweDANCJSiHBP7XXTWwU48yjoYY+/4WoWAQY=
github.com/dimonrus/porterr v1.13.1/go.mod h1:BCVpaUyYdawPPzeAa8yjCYvemctND1I9ER/nFnOyDgQ=
gopkg.in/check.v1 v0.0.0-20161208181325-20d25e280405 h1:yhCVgyC4o1eVCa2tZl7eS0r+SDo693bJlVdllGtEeKM=
gopkg.in/check.v1 v0.0.0-20161208181325-20d25e280405/go.mod h1:Co6ibVJAznAaIkqp8huTwlJQCZ016jof/cbN4VW5Yz0=
gopkg.in/yaml.v3 v3.0.1 h1:fxVm/GzAzEWqLHuvctI91KS9hhNmmWOoWu0XTYJS7CA=
gopkg.in/yaml.v3 v3.0.1/go.mod h1:K4uyk7z7BCEPqu6E+C64Yfv1cQ7kz7rIZviUmN+EgEM=
